// !$*UTF8*$!
{
	archiveVersion = 1;
	classes = {
	};
	objectVersion = 50;
	objects = {

/* Begin PBXBuildFile section */
		AE7845A524F48ED20082B1BF /* AppDelegate.swift in Sources */ = {isa = PBXBuildFile; fileRef = AE7845A424F48ED20082B1BF /* AppDelegate.swift */; };
		AE7845A724F48ED20082B1BF /* SceneDelegate.swift in Sources */ = {isa = PBXBuildFile; fileRef = AE7845A624F48ED20082B1BF /* SceneDelegate.swift */; };
		AE7845A924F48ED20082B1BF /* ViewController.swift in Sources */ = {isa = PBXBuildFile; fileRef = AE7845A824F48ED20082B1BF /* ViewController.swift */; };
		AE7845AC24F48ED20082B1BF /* Main.storyboard in Resources */ = {isa = PBXBuildFile; fileRef = AE7845AA24F48ED20082B1BF /* Main.storyboard */; };
		AE7845AE24F48ED40082B1BF /* Assets.xcassets in Resources */ = {isa = PBXBuildFile; fileRef = AE7845AD24F48ED40082B1BF /* Assets.xcassets */; };
		AE7845B124F48ED40082B1BF /* LaunchScreen.storyboard in Resources */ = {isa = PBXBuildFile; fileRef = AE7845AF24F48ED40082B1BF /* LaunchScreen.storyboard */; };
		AEA73AB724F5FADD008AA48C /* CALayer+pause-resume.swift in Sources */ = {isa = PBXBuildFile; fileRef = AEA73AB624F5FADD008AA48C /* CALayer+pause-resume.swift */; };
/* End PBXBuildFile section */

/* Begin PBXFileReference section */
		AE7845A124F48ED20082B1BF /* ClockWipeSwift.app */ = {isa = PBXFileReference; explicitFileType = wrapper.application; includeInIndex = 0; path = ClockWipeSwift.app; sourceTree = BUILT_PRODUCTS_DIR; };
		AE7845A424F48ED20082B1BF /* AppDelegate.swift */ = {isa = PBXFileReference; lastKnownFileType = sourcecode.swift; path = AppDelegate.swift; sourceTree = "<group>"; };
		AE7845A624F48ED20082B1BF /* SceneDelegate.swift */ = {isa = PBXFileReference; lastKnownFileType = sourcecode.swift; path = SceneDelegate.swift; sourceTree = "<group>"; };
		AE7845A824F48ED20082B1BF /* ViewController.swift */ = {isa = PBXFileReference; lastKnownFileType = sourcecode.swift; path = ViewController.swift; sourceTree = "<group>"; };
		AE7845AB24F48ED20082B1BF /* Base */ = {isa = PBXFileReference; lastKnownFileType = file.storyboard; name = Base; path = Base.lproj/Main.storyboard; sourceTree = "<group>"; };
		AE7845AD24F48ED40082B1BF /* Assets.xcassets */ = {isa = PBXFileReference; lastKnownFileType = folder.assetcatalog; path = Assets.xcassets; sourceTree = "<group>"; };
		AE7845B024F48ED40082B1BF /* Base */ = {isa = PBXFileReference; lastKnownFileType = file.storyboard; name = Base; path = Base.lproj/LaunchScreen.storyboard; sourceTree = "<group>"; };
		AE7845B224F48ED40082B1BF /* Info.plist */ = {isa = PBXFileReference; lastKnownFileType = text.plist.xml; path = Info.plist; sourceTree = "<group>"; };
		AEA73AB624F5FADD008AA48C /* CALayer+pause-resume.swift */ = {isa = PBXFileReference; lastKnownFileType = sourcecode.swift; path = "CALayer+pause-resume.swift"; sourceTree = "<group>"; };
/* End PBXFileReference section */

/* Begin PBXFrameworksBuildPhase section */
		AE78459E24F48ED20082B1BF /* Frameworks */ = {
			isa = PBXFrameworksBuildPhase;
			buildActionMask = 2147483647;
			files = (
			);
			runOnlyForDeploymentPostprocessing = 0;
		};
/* End PBXFrameworksBuildPhase section */

/* Begin PBXGroup section */
		AE78459824F48ED20082B1BF = {
			isa = PBXGroup;
			children = (
				AEA73AB624F5FADD008AA48C /* CALayer+pause-resume.swift */,
				AE7845A324F48ED20082B1BF /* ClockWipeSwift */,
				AE7845A224F48ED20082B1BF /* Products */,
			);
			sourceTree = "<group>";
		};
		AE7845A224F48ED20082B1BF /* Products */ = {
			isa = PBXGroup;
			children = (
				AE7845A124F48ED20082B1BF /* ClockWipeSwift.app */,
			);
			name = Products;
			sourceTree = "<group>";
		};
		AE7845A324F48ED20082B1BF /* ClockWipeSwift */ = {
			isa = PBXGroup;
			children = (
				AE7845A424F48ED20082B1BF /* AppDelegate.swift */,
				AE7845A624F48ED20082B1BF /* SceneDelegate.swift */,
				AE7845A824F48ED20082B1BF /* ViewController.swift */,
				AE7845AA24F48ED20082B1BF /* Main.storyboard */,
				AE7845AD24F48ED40082B1BF /* Assets.xcassets */,
				AE7845AF24F48ED40082B1BF /* LaunchScreen.storyboard */,
				AE7845B224F48ED40082B1BF /* Info.plist */,
			);
			path = ClockWipeSwift;
			sourceTree = "<group>";
		};
/* End PBXGroup section */

/* Begin PBXNativeTarget section */
		AE7845A024F48ED20082B1BF /* ClockWipeSwift */ = {
			isa = PBXNativeTarget;
			buildConfigurationList = AE7845B524F48ED40082B1BF /* Build configuration list for PBXNativeTarget "ClockWipeSwift" */;
			buildPhases = (
				AE78459D24F48ED20082B1BF /* Sources */,
				AE78459E24F48ED20082B1BF /* Frameworks */,
				AE78459F24F48ED20082B1BF /* Resources */,
			);
			buildRules = (
			);
			dependencies = (
			);
			name = ClockWipeSwift;
			productName = ClockWipeSwift;
			productReference = AE7845A124F48ED20082B1BF /* ClockWipeSwift.app */;
			productType = "com.apple.product-type.application";
		};
/* End PBXNativeTarget section */

/* Begin PBXProject section */
		AE78459924F48ED20082B1BF /* Project object */ = {
			isa = PBXProject;
			attributes = {
				LastSwiftUpdateCheck = 1160;
				LastUpgradeCheck = 1160;
				ORGANIZATIONNAME = "Duncan Champney";
				TargetAttributes = {
					AE7845A024F48ED20082B1BF = {
						CreatedOnToolsVersion = 11.6;
					};
				};
			};
			buildConfigurationList = AE78459C24F48ED20082B1BF /* Build configuration list for PBXProject "ClockWipeSwift" */;
			compatibilityVersion = "Xcode 9.3";
			developmentRegion = en;
			hasScannedForEncodings = 0;
			knownRegions = (
				en,
				Base,
			);
			mainGroup = AE78459824F48ED20082B1BF;
			productRefGroup = AE7845A224F48ED20082B1BF /* Products */;
			projectDirPath = "";
			projectRoot = "";
			targets = (
				AE7845A024F48ED20082B1BF /* ClockWipeSwift */,
			);
		};
/* End PBXProject section */

/* Begin PBXResourcesBuildPhase section */
		AE78459F24F48ED20082B1BF /* Resources */ = {
			isa = PBXResourcesBuildPhase;
			buildActionMask = 2147483647;
			files = (
				AE7845B124F48ED40082B1BF /* LaunchScreen.storyboard in Resources */,
				AE7845AE24F48ED40082B1BF /* Assets.xcassets in Resources */,
				AE7845AC24F48ED20082B1BF /* Main.storyboard in Resources */,
			);
			runOnlyForDeploymentPostprocessing = 0;
		};
/* End PBXResourcesBuildPhase section */

/* Begin PBXSourcesBuildPhase section */
		AE78459D24F48ED20082B1BF /* Sources */ = {
			isa = PBXSourcesBuildPhase;
			buildActionMask = 2147483647;
			files = (
				AE7845A924F48ED20082B1BF /* ViewController.swift in Sources */,
				AEA73AB724F5FADD008AA48C /* CALayer+pause-resume.swift in Sources */,
				AE7845A524F48ED20082B1BF /* AppDelegate.swift in Sources */,
				AE7845A724F48ED20082B1BF /* SceneDelegate.swift in Sources */,
			);
			runOnlyForDeploymentPostprocessing = 0;
		};
/* End PBXSourcesBuildPhase section */

/* Begin PBXVariantGroup section */
		AE7845AA24F48ED20082B1BF /* Main.storyboard */ = {
			isa = PBXVariantGroup;
			children = (
				AE7845AB24F48ED20082B1BF /* Base */,
			);
			name = Main.storyboard;
			sourceTree = "<group>";
		};
		AE7845AF24F48ED40082B1BF /* LaunchScreen.storyboard */ = {
			isa = PBXVariantGroup;
			children = (
				AE7845B024F48ED40082B1BF /* Base */,
			);
			name = LaunchScreen.storyboard;
			sourceTree = "<group>";
		};
/* End PBXVariantGroup section */

/* Begin XCBuildConfiguration section */
		AE7845B324F48ED40082B1BF /* Debug */ = {
			isa = XCBuildConfiguration;
			buildSettings = {
				ALWAYS_SEARCH_USER_PATHS = NO;
				CLANG_ANALYZER_NONNULL = YES;
				CLANG_ANALYZER_NUMBER_OBJECT_CONVERSION = YES_AGGRESSIVE;
				CLANG_CXX_LANGUAGE_STANDARD = "gnu++14";
				CLANG_CXX_LIBRARY = "libc++";
				CLANG_ENABLE_MODULES = YES;
				CLANG_ENABLE_OBJC_ARC = YES;
				CLANG_ENABLE_OBJC_WEAK = YES;
				CLANG_WARN_BLOCK_CAPTURE_AUTORELEASING = YES;
				CLANG_WARN_BOOL_CONVERSION = YES;
				CLANG_WARN_COMMA = YES;
				CLANG_WARN_CONSTANT_CONVERSION = YES;
				CLANG_WARN_DEPRECATED_OBJC_IMPLEMENTATIONS = YES;
				CLANG_WARN_DIRECT_OBJC_ISA_USAGE = YES_ERROR;
				CLANG_WARN_DOCUMENTATION_COMMENTS = YES;
				CLANG_WARN_EMPTY_BODY = YES;
				CLANG_WARN_ENUM_CONVERSION = YES;
				CLANG_WARN_INFINITE_RECURSION = YES;
				CLANG_WARN_INT_CONVERSION = YES;
				CLANG_WARN_NON_LITERAL_NULL_CONVERSION = YES;
				CLANG_WARN_OBJC_IMPLICIT_RETAIN_SELF = YES;
				CLANG_WARN_OBJC_LITERAL_CONVERSION = YES;
				CLANG_WARN_OBJC_ROOT_CLASS = YES_ERROR;
				CLANG_WARN_RANGE_LOOP_ANALYSIS = YES;
				CLANG_WARN_STRICT_PROTOTYPES = YES;
				CLANG_WARN_SUSPICIOUS_MOVE = YES;
				CLANG_WARN_UNGUARDED_AVAILABILITY = YES_AGGRESSIVE;
				CLANG_WARN_UNREACHABLE_CODE = YES;
				CLANG_WARN__DUPLICATE_METHOD_MATCH = YES;
				COPY_PHASE_STRIP = NO;
				DEBUG_INFORMATION_FORMAT = dwarf;
				ENABLE_STRICT_OBJC_MSGSEND = YES;
				ENABLE_TESTABILITY = YES;
				GCC_C_LANGUAGE_STANDARD = gnu11;
				GCC_DYNAMIC_NO_PIC = NO;
				GCC_NO_COMMON_BLOCKS = YES;
				GCC_OPTIMIZATION_LEVEL = 0;
				GCC_PREPROCESSOR_DEFINITIONS = (
					"DEBUG=1",
					"$(inherited)",
				);
				GCC_WARN_64_TO_32_BIT_CONVERSION = YES;
				GCC_WARN_ABOUT_RETURN_TYPE = YES_ERROR;
				GCC_WARN_UNDECLARED_SELECTOR = YES;
				GCC_WARN_UNINITIALIZED_AUTOS = YES_AGGRESSIVE;
				GCC_WARN_UNUSED_FUNCTION = YES;
				GCC_WARN_UNUSED_VARIABLE = YES;
				IPHONEOS_DEPLOYMENT_TARGET = 13.6;
				MTL_ENABLE_DEBUG_INFO = INCLUDE_SOURCE;
				MTL_FAST_MATH = YES;
				ONLY_ACTIVE_ARCH = YES;
				SDKROOT = iphoneos;
				SWIFT_ACTIVE_COMPILATION_CONDITIONS = DEBUG;
				SWIFT_OPTIMIZATION_LEVEL = "-Onone";
			};
			name = Debug;
		};
		AE7845B424F48ED40082B1BF /* Release */ = {
			isa = XCBuildConfiguration;
			buildSettings = {
				ALWAYS_SEARCH_USER_PATHS = NO;
				CLANG_ANALYZER_NONNULL = YES;
				CLANG_ANALYZER_NUMBER_OBJECT_CONVERSION = YES_AGGRESSIVE;
				CLANG_CXX_LANGUAGE_STANDARD = "gnu++14";
				CLANG_CXX_LIBRARY = "libc++";
				CLANG_ENABLE_MODULES = YES;
				CLANG_ENABLE_OBJC_ARC = YES;
				CLANG_ENABLE_OBJC_WEAK = YES;
				CLANG_WARN_BLOCK_CAPTURE_AUTORELEASING = YES;
				CLANG_WARN_BOOL_CONVERSION = YES;
				CLANG_WARN_COMMA = YES;
				CLANG_WARN_CONSTANT_CONVERSION = YES;
				CLANG_WARN_DEPRECATED_OBJC_IMPLEMENTATIONS = YES;
				CLANG_WARN_DIRECT_OBJC_ISA_USAGE = YES_ERROR;
				CLANG_WARN_DOCUMENTATION_COMMENTS = YES;
				CLANG_WARN_EMPTY_BODY = YES;
				CLANG_WARN_ENUM_CONVERSION = YES;
				CLANG_WARN_INFINITE_RECURSION = YES;
				CLANG_WARN_INT_CONVERSION = YES;
				CLANG_WARN_NON_LITERAL_NULL_CONVERSION = YES;
				CLANG_WARN_OBJC_IMPLICIT_RETAIN_SELF = YES;
				CLANG_WARN_OBJC_LITERAL_CONVERSION = YES;
				CLANG_WARN_OBJC_ROOT_CLASS = YES_ERROR;
				CLANG_WARN_RANGE_LOOP_ANALYSIS = YES;
				CLANG_WARN_STRICT_PROTOTYPES = YES;
				CLANG_WARN_SUSPICIOUS_MOVE = YES;
				CLANG_WARN_UNGUARDED_AVAILABILITY = YES_AGGRESSIVE;
				CLANG_WARN_UNREACHABLE_CODE = YES;
				CLANG_WARN__DUPLICATE_METHOD_MATCH = YES;
				COPY_PHASE_STRIP = NO;
				DEBUG_INFORMATION_FORMAT = "dwarf-with-dsym";
				ENABLE_NS_ASSERTIONS = NO;
				ENABLE_STRICT_OBJC_MSGSEND = YES;
				GCC_C_LANGUAGE_STANDARD = gnu11;
				GCC_NO_COMMON_BLOCKS = YES;
				GCC_WARN_64_TO_32_BIT_CONVERSION = YES;
				GCC_WARN_ABOUT_RETURN_TYPE = YES_ERROR;
				GCC_WARN_UNDECLARED_SELECTOR = YES;
				GCC_WARN_UNINITIALIZED_AUTOS = YES_AGGRESSIVE;
				GCC_WARN_UNUSED_FUNCTION = YES;
				GCC_WARN_UNUSED_VARIABLE = YES;
				IPHONEOS_DEPLOYMENT_TARGET = 13.6;
				MTL_ENABLE_DEBUG_INFO = NO;
				MTL_FAST_MATH = YES;
				SDKROOT = iphoneos;
				SWIFT_COMPILATION_MODE = wholemodule;
				SWIFT_OPTIMIZATION_LEVEL = "-O";
				VALIDATE_PRODUCT = YES;
			};
			name = Release;
		};
		AE7845B624F48ED40082B1BF /* Debug */ = {
			isa = XCBuildConfiguration;
			buildSettings = {
				ASSETCATALOG_COMPILER_APPICON_NAME = AppIcon;
				CODE_SIGN_STYLE = Automatic;
				DEVELOPMENT_TEAM = VBNQV8KG4G;
				INFOPLIST_FILE = ClockWipeSwift/Info.plist;
				LD_RUNPATH_SEARCH_PATHS = (
					"$(inherited)",
					"@executable_path/Frameworks",
				);
				PRODUCT_BUNDLE_IDENTIFIER = com.wareto.ClockWipeSwift;
				PRODUCT_NAME = "$(TARGET_NAME)";
				SWIFT_VERSION = 5.0;
				TARGETED_DEVICE_FAMILY = "1,2";
			};
			name = Debug;
		};
		AE7845B724F48ED40082B1BF /* Release */ = {
			isa = XCBuildConfiguration;
			buildSettings = {
				ASSETCATALOG_COMPILER_APPICON_NAME = AppIcon;
				CODE_SIGN_STYLE = Automatic;
				DEVELOPMENT_TEAM = VBNQV8KG4G;
				INFOPLIST_FILE = ClockWipeSwift/Info.plist;
				LD_RUNPATH_SEARCH_PATHS = (
					"$(inherited)",
					"@executable_path/Frameworks",
				);
				PRODUCT_BUNDLE_IDENTIFIER = com.wareto.ClockWipeSwift;
				PRODUCT_NAME = "$(TARGET_NAME)";
				SWIFT_VERSION = 5.0;
				TARGETED_DEVICE_FAMILY = "1,2";
			};
			name = Release;
		};
/* End XCBuildConfiguration section */

/* Begin XCConfigurationList section */
		AE78459C24F48ED20082B1BF /* Build configuration list for PBXProject "ClockWipeSwift" */ = {
			isa = XCConfigurationList;
			buildConfigurations = (
				AE7845B324F48ED40082B1BF /* Debug */,
				AE7845B424F48ED40082B1BF /* Release */,
			);
			defaultConfigurationIsVisible = 0;
			defaultConfigurationName = Release;
		};
		AE7845B524F48ED40082B1BF /* Build configuration list for PBXNativeTarget "ClockWipeSwift" */ = {
			isa = XCConfigurationList;
			buildConfigurations = (
				AE7845B624F48ED40082B1BF /* Debug */,
				AE7845B724F48ED40082B1BF /* Release */,
			);
			defaultConfigurationIsVisible = 0;
			defaultConfigurationName = Release;
		};
/* End XCConfigurationList section */
	};
	rootObject = AE78459924F48ED20082B1BF /* Project object */;
}
